{
  "pins" : [
    {
      "identity" : "down-gfm",
      "kind" : "remoteSourceControl",
      "location" : "https://github.com/stackotter/Down-gfm",
      "state" : {
        "revision" : "0fc19f24ea5ae4ae803c7cdc186b9b02f1b5661b",
        "version" : "0.12.0"
      }
    }
  ],
  "version" : 2
}
